
Microsoft Visual Studio Solution File, Format Version 12.00
# Visual Studio Version 16
VisualStudioVersion = 16.0.29020.237
MinimumVisualStudioVersion = 10.0.40219.1
Project("{9A19103F-16F7-4668-BE54-9A1E7A4F7556}") = "CinemaManagementSystem.Domain", "CinemaManagmentSystem.Domain\CinemaManagementSystem.Domain.csproj", "{290E9F5E-F1C1-42FE-9693-E3C43B733E21}"
EndProject
Project("{9A19103F-16F7-4668-BE54-9A1E7A4F7556}") = "CinemaManagementSystem.Application", "Application\CinemaManagementSystem.Application.csproj", "{CCD93CA2-F322-429B-9999-74D629B3EF25}"
EndProject
Project("{9A19103F-16F7-4668-BE54-9A1E7A4F7556}") = "CinemaManagementSystem.Infrastructure", "CinemaManagmentSystem.Infrastructure\CinemaManagementSystem.Infrastructure.csproj", "{E5AF8366-217B-47EA-8FB4-16556295CDC2}"
EndProject
Project("{FAE04EC0-301F-11D3-BF4B-00C04F79EFBC}") = "CinemaManagementSystem.Startup", "CinemaManagementSystem.Startup\CinemaManagementSystem.Startup.csproj", "{F1505BB5-94D0-4386-A03C-A28EBB0B48F5}"
EndProject
Project("{FAE04EC0-301F-11D3-BF4B-00C04F79EFBC}") = "CinemaManagementSystem.Web", "CinemaManagementSystem.Web\CinemaManagementSystem.Web.csproj", "{28BCB9E9-6CEB-4E13-A93F-5276EF6D81D6}"
EndProject
Global
	GlobalSection(SolutionConfigurationPlatforms) = preSolution
		Debug|Any CPU = Debug|Any CPU
		Release|Any CPU = Release|Any CPU
	EndGlobalSection
	GlobalSection(ProjectConfigurationPlatforms) = postSolution
		{290E9F5E-F1C1-42FE-9693-E3C43B733E21}.Debug|Any CPU.ActiveCfg = Debug|Any CPU
		{290E9F5E-F1C1-42FE-9693-E3C43B733E21}.Debug|Any CPU.Build.0 = Debug|Any CPU
		{290E9F5E-F1C1-42FE-9693-E3C43B733E21}.Release|Any CPU.ActiveCfg = Release|Any CPU
		{290E9F5E-F1C1-42FE-9693-E3C43B733E21}.Release|Any CPU.Build.0 = Release|Any CPU
		{CCD93CA2-F322-429B-9999-74D629B3EF25}.Debug|Any CPU.ActiveCfg = Debug|Any CPU
		{CCD93CA2-F322-429B-9999-74D629B3EF25}.Debug|Any CPU.Build.0 = Debug|Any CPU
		{CCD93CA2-F322-429B-9999-74D629B3EF25}.Release|Any CPU.ActiveCfg = Release|Any CPU
		{CCD93CA2-F322-429B-9999-74D629B3EF25}.Release|Any CPU.Build.0 = Release|Any CPU
		{E5AF8366-217B-47EA-8FB4-16556295CDC2}.Debug|Any CPU.ActiveCfg = Debug|Any CPU
		{E5AF8366-217B-47EA-8FB4-16556295CDC2}.Debug|Any CPU.Build.0 = Debug|Any CPU
		{E5AF8366-217B-47EA-8FB4-16556295CDC2}.Release|Any CPU.ActiveCfg = Release|Any CPU
		{E5AF8366-217B-47EA-8FB4-16556295CDC2}.Release|Any CPU.Build.0 = Release|Any CPU
		{F1505BB5-94D0-4386-A03C-A28EBB0B48F5}.Debug|Any CPU.ActiveCfg = Debug|Any CPU
		{F1505BB5-94D0-4386-A03C-A28EBB0B48F5}.Debug|Any CPU.Build.0 = Debug|Any CPU
		{F1505BB5-94D0-4386-A03C-A28EBB0B48F5}.Release|Any CPU.ActiveCfg = Release|Any CPU
		{F1505BB5-94D0-4386-A03C-A28EBB0B48F5}.Release|Any CPU.Build.0 = Release|Any CPU
		{28BCB9E9-6CEB-4E13-A93F-5276EF6D81D6}.Debug|Any CPU.ActiveCfg = Debug|Any CPU
		{28BCB9E9-6CEB-4E13-A93F-5276EF6D81D6}.Debug|Any CPU.Build.0 = Debug|Any CPU
		{28BCB9E9-6CEB-4E13-A93F-5276EF6D81D6}.Release|Any CPU.ActiveCfg = Release|Any CPU
		{28BCB9E9-6CEB-4E13-A93F-5276EF6D81D6}.Release|Any CPU.Build.0 = Release|Any CPU
	EndGlobalSection
	GlobalSection(SolutionProperties) = preSolution
		HideSolutionNode = FALSE
	EndGlobalSection
	GlobalSection(ExtensibilityGlobals) = postSolution
		SolutionGuid = {CDFD90B1-B65B-4736-B51A-5D923E3A4BA0}
	EndGlobalSection
EndGlobal
